PODS:
  - ACBInfoPanel (0.0.1)
  - Bolts/Tasks (1.2.1)
  - GradientView (2.0.3)
  - Parse (1.8.1):
    - Bolts/Tasks (>= 1.2.0)

DEPENDENCIES:
  - ACBInfoPanel (from `git@github.com:TheAppCookbook/templates.git`, branch `master`)
  - GradientView
  - Parse

EXTERNAL SOURCES:
  ACBInfoPanel:
    :branch: master
    :git: git@github.com:TheAppCookbook/templates.git

CHECKOUT OPTIONS:
  ACBInfoPanel:
    :commit: c418d6be0b4ffda3c851e47191e2d6402f66fb0e
    :git: git@github.com:TheAppCookbook/templates.git

SPEC CHECKSUMS:
  ACBInfoPanel: 186db7784366d9a331d406e02a9da58b61e1b55e
  Bolts: 7686a5cb204d1ac54cee26f12d9b7622db3f80d1
  GradientView: 9234da5037b5ecf7a15f973e8da1efbd879abcd9
  Parse: 2155953b1565494095d5fa5c83b3c77f2c677c09

COCOAPODS: 0.38.2
